<?xml version="1.0" encoding="UTF-8" standalone="yes" ?>
<CodeBlocks_project_file>
	<FileVersion major="1" minor="6" />
	<Project>
		<Option title="testetecprog" />
		<Option pch_mode="2" />
		<Option compiler="gcc" />
		<Build>
			<Target title="Debug">
				<Option output="bin/Debug/testetecprog" prefix_auto="1" extension_auto="1" />
				<Option object_output="obj/Debug/" />
				<Option type="1" />
				<Option compiler="gcc" />
				<Compiler>
					<Add option="-g" />
				</Compiler>
			</Target>
			<Target title="Release">
				<Option output="bin/Release/testetecprog" prefix_auto="1" extension_auto="1" />
				<Option object_output="obj/Release/" />
				<Option type="1" />
				<Option compiler="gcc" />
				<Compiler>
					<Add option="-O2" />
				</Compiler>
				<Linker>
					<Add option="-s" />
				</Linker>
			</Target>
		</Build>
		<Compiler>
			<Add option="-Wall" />
		</Compiler>
		<Unit filename="Aluno.cpp" />
		<Unit filename="Aluno.h" />
		<Unit filename="Departamento.cpp" />
		<Unit filename="Departamento.h" />
		<Unit filename="Disciplina.cpp" />
		<Unit filename="Disciplina.h" />
		<Unit filename="Pessoa.cpp" />
		<Unit filename="Pessoa.h" />
		<Unit filename="Principal.cpp" />
		<Unit filename="Principal.h" />
		<Unit filename="Professor.cpp" />
		<Unit filename="Professor.h" />
		<Unit filename="Universidade.cpp" />
		<Unit filename="Universidade.h" />
		<Unit filename="maintecprog.cpp" />
		<Extensions>
			<lib_finder disable_auto="1" />
		</Extensions>
	</Project>
</CodeBlocks_project_file>
